
Microsoft Visual Studio Solution File, Format Version 12.00
# Visual Studio 15
VisualStudioVersion = 15.0.28307.779
MinimumVisualStudioVersion = 10.0.40219.1
Project("{FAE04EC0-301F-11D3-BF4B-00C04F79EFBC}") = "SearchAPI", "SearchAPI\SearchAPI.csproj", "{FD8E37F7-5442-4488-936C-17F2C23498AD}"
EndProject
Global
	GlobalSection(SolutionConfigurationPlatforms) = preSolution
		Debug|Any CPU = Debug|Any CPU
		Release|Any CPU = Release|Any CPU
	EndGlobalSection
	GlobalSection(ProjectConfigurationPlatforms) = postSolution
		{FD8E37F7-5442-4488-936C-17F2C23498AD}.Debug|Any CPU.ActiveCfg = Debug|Any CPU
		{FD8E37F7-5442-4488-936C-17F2C23498AD}.Debug|Any CPU.Build.0 = Debug|Any CPU
		{FD8E37F7-5442-4488-936C-17F2C23498AD}.Release|Any CPU.ActiveCfg = Release|Any CPU
		{FD8E37F7-5442-4488-936C-17F2C23498AD}.Release|Any CPU.Build.0 = Release|Any CPU
	EndGlobalSection
	GlobalSection(SolutionProperties) = preSolution
		HideSolutionNode = FALSE
	EndGlobalSection
	GlobalSection(ExtensibilityGlobals) = postSolution
		SolutionGuid = {B54D9F1A-9508-484A-B1E1-914F1DCD55FA}
	EndGlobalSection
EndGlobal
